
Microsoft Visual Studio Solution File, Format Version 12.00
# Visual Studio Version 16
VisualStudioVersion = 16.0.30611.23
MinimumVisualStudioVersion = 10.0.40219.1
Project("{FAE04EC0-301F-11D3-BF4B-00C04F79EFBC}") = "Individueel_Project_Project", "Individueel_Project_Project\Individueel_Project_Project.csproj", "{CF2AD2E0-3FAA-41E3-A997-2B7A44A5ACD9}"
EndProject
Global
	GlobalSection(SolutionConfigurationPlatforms) = preSolution
		Debug|Any CPU = Debug|Any CPU
		Release|Any CPU = Release|Any CPU
	EndGlobalSection
	GlobalSection(ProjectConfigurationPlatforms) = postSolution
		{CF2AD2E0-3FAA-41E3-A997-2B7A44A5ACD9}.Debug|Any CPU.ActiveCfg = Debug|Any CPU
		{CF2AD2E0-3FAA-41E3-A997-2B7A44A5ACD9}.Debug|Any CPU.Build.0 = Debug|Any CPU
		{CF2AD2E0-3FAA-41E3-A997-2B7A44A5ACD9}.Release|Any CPU.ActiveCfg = Release|Any CPU
		{CF2AD2E0-3FAA-41E3-A997-2B7A44A5ACD9}.Release|Any CPU.Build.0 = Release|Any CPU
	EndGlobalSection
	GlobalSection(SolutionProperties) = preSolution
		HideSolutionNode = FALSE
	EndGlobalSection
	GlobalSection(ExtensibilityGlobals) = postSolution
		SolutionGuid = {0D6FB6C3-D331-4002-B424-97F8C892DF48}
	EndGlobalSection
EndGlobal
